
Microsoft Visual Studio Solution File, Format Version 12.00
# Visual Studio 15
VisualStudioVersion = 15.0.28306.52
MinimumVisualStudioVersion = 10.0.40219.1
Project("{2150E333-8FDC-42A3-9474-1A3956D46DE8}") = "01_Iterators", "01_Iterators", "{89D32870-606B-441A-889F-10C7524C4C03}"
EndProject
Project("{FAE04EC0-301F-11D3-BF4B-00C04F79EFBC}") = "Iterator", "01_Iterators\Iterator\Iterator.csproj", "{9C93F387-A7A4-4304-8AD6-753A66C430AF}"
EndProject
Project("{FAE04EC0-301F-11D3-BF4B-00C04F79EFBC}") = "MyIterator", "01_Iterators\MyIterator\MyIterator.csproj", "{04C90D7C-A4CD-4CCC-84AA-32B66DD591FF}"
EndProject
Project("{2150E333-8FDC-42A3-9474-1A3956D46DE8}") = "02_Adapters", "02_Adapters", "{7DE86E7D-6D95-47B0-A181-AC157927C0BE}"
EndProject
Project("{FAE04EC0-301F-11D3-BF4B-00C04F79EFBC}") = "Singleton", "05_Singleton\Singleton\Singleton.csproj", "{FDEFB39E-8709-4958-AE8B-9CFDE9B80FB7}"
EndProject
Project("{FAE04EC0-301F-11D3-BF4B-00C04F79EFBC}") = "MyAdapter", "02_Adapter\MyAdapter\MyAdapter.csproj", "{B510C25A-E061-40B0-9AE9-4EBE4C7EBC79}"
EndProject
Project("{2150E333-8FDC-42A3-9474-1A3956D46DE8}") = "05_Singleton", "05_Singleton", "{B2D4BE20-9EFB-436F-ADE7-D8E77680794E}"
EndProject
Project("{2150E333-8FDC-42A3-9474-1A3956D46DE8}") = "03_TemplateMethods", "03_TemplateMethods", "{C4EA2D36-BCB3-4989-AA69-37274E5819FD}"
EndProject
Project("{FAE04EC0-301F-11D3-BF4B-00C04F79EFBC}") = "TemplateMethod", "03_TemplateMethods\TemplateMethod\TemplateMethod.csproj", "{C7186BCD-996E-4C3D-9792-E6B734EF9F06}"
EndProject
Project("{FAE04EC0-301F-11D3-BF4B-00C04F79EFBC}") = "MyTemplateMethod", "03_TemplateMethods\MyTemplateMethod\MyTemplateMethod.csproj", "{726A5E72-C64C-4DB3-A125-4A7EC62F2DB3}"
EndProject
Project("{2150E333-8FDC-42A3-9474-1A3956D46DE8}") = "06_Prototypes", "06_Prototypes", "{D89CA372-4444-4A18-9B62-E021B1DB3447}"
	ProjectSection(SolutionItems) = preProject
		06_Prototypes\README.md = 06_Prototypes\README.md
	EndProjectSection
EndProject
Project("{FAE04EC0-301F-11D3-BF4B-00C04F79EFBC}") = "MyBuilder", "07_Builders\MyBuilder\MyBuilder.csproj", "{677F6A43-FC1D-42C3-A214-FA33A6204EEA}"
EndProject
Project("{2150E333-8FDC-42A3-9474-1A3956D46DE8}") = "07_Builder", "07_Builder", "{3EA38DA6-BD58-4E03-81B3-4CC86F777483}"
	ProjectSection(SolutionItems) = preProject
		07_Builders\README.md = 07_Builders\README.md
	EndProjectSection
EndProject
Project("{2150E333-8FDC-42A3-9474-1A3956D46DE8}") = "08_AbstractFactories", "08_AbstractFactories", "{570E4830-177A-4BC9-926D-60D00C4F01B6}"
	ProjectSection(SolutionItems) = preProject
		08_AbstractFactories\README.md = 08_AbstractFactories\README.md
	EndProjectSection
EndProject
Project("{FAE04EC0-301F-11D3-BF4B-00C04F79EFBC}") = "AbstractFactory", "08_AbstractFactories\AbstractFactory\AbstractFactory.csproj", "{06F69583-70DE-410F-8AD2-99ED0A98750F}"
EndProject
Project("{FAE04EC0-301F-11D3-BF4B-00C04F79EFBC}") = "MyAbstractFactory", "08_AbstractFactories\MyAbstractFactory\MyAbstractFactory.csproj", "{35E179DE-1CA6-40D3-B17F-AD86C44F1E54}"
EndProject
Project("{2150E333-8FDC-42A3-9474-1A3956D46DE8}") = "DllVersion", "DllVersion", "{6A25CE34-45A9-4FF1-BF0A-EF5DC70560C9}"
EndProject
Project("{FAE04EC0-301F-11D3-BF4B-00C04F79EFBC}") = "MyAbstractFactoryUsingDll", "08_AbstractFactories\DllVersion\MyAbstractFactoryUsingDll\MyAbstractFactoryUsingDll.csproj", "{3234C462-A3F2-4810-858F-8E7A7CE02070}"
EndProject
Project("{FAE04EC0-301F-11D3-BF4B-00C04F79EFBC}") = "UserFactory", "08_AbstractFactories\DllVersion\UserFactory\UserFactory.csproj", "{CEE28028-BC3E-4302-8A05-4562A3E20719}"
EndProject
Project("{FAE04EC0-301F-11D3-BF4B-00C04F79EFBC}") = "UserFactoryUsingExcel", "08_AbstractFactories\DllVersion\UserFactoryUsingExcel\UserFactoryUsingExcel.csproj", "{C4A2B171-87D2-40CE-8176-A30E2B7FA054}"
EndProject
Project("{2150E333-8FDC-42A3-9474-1A3956D46DE8}") = "09_Bridge", "09_Bridge", "{5190073E-68CF-4A25-97AA-254740F7303D}"
	ProjectSection(SolutionItems) = preProject
		09_Bridge\README.md = 09_Bridge\README.md
	EndProjectSection
EndProject
Project("{FAE04EC0-301F-11D3-BF4B-00C04F79EFBC}") = "Bridge", "09_Bridge\Bridge\Bridge.csproj", "{10A10F73-76A6-4078-AB2A-08ADF40CF037}"
EndProject
Project("{FAE04EC0-301F-11D3-BF4B-00C04F79EFBC}") = "Unreadable", "09_Bridge\Unreadable\Unreadable.csproj", "{5C254187-EB71-4D20-ACAA-0A3225831D9B}"
EndProject
Global
	GlobalSection(SolutionConfigurationPlatforms) = preSolution
		Debug|Any CPU = Debug|Any CPU
		Release|Any CPU = Release|Any CPU
	EndGlobalSection
	GlobalSection(ProjectConfigurationPlatforms) = postSolution
		{9C93F387-A7A4-4304-8AD6-753A66C430AF}.Debug|Any CPU.ActiveCfg = Debug|Any CPU
		{9C93F387-A7A4-4304-8AD6-753A66C430AF}.Debug|Any CPU.Build.0 = Debug|Any CPU
		{9C93F387-A7A4-4304-8AD6-753A66C430AF}.Release|Any CPU.ActiveCfg = Release|Any CPU
		{9C93F387-A7A4-4304-8AD6-753A66C430AF}.Release|Any CPU.Build.0 = Release|Any CPU
		{04C90D7C-A4CD-4CCC-84AA-32B66DD591FF}.Debug|Any CPU.ActiveCfg = Debug|Any CPU
		{04C90D7C-A4CD-4CCC-84AA-32B66DD591FF}.Debug|Any CPU.Build.0 = Debug|Any CPU
		{04C90D7C-A4CD-4CCC-84AA-32B66DD591FF}.Release|Any CPU.ActiveCfg = Release|Any CPU
		{04C90D7C-A4CD-4CCC-84AA-32B66DD591FF}.Release|Any CPU.Build.0 = Release|Any CPU
		{FDEFB39E-8709-4958-AE8B-9CFDE9B80FB7}.Debug|Any CPU.ActiveCfg = Debug|Any CPU
		{FDEFB39E-8709-4958-AE8B-9CFDE9B80FB7}.Debug|Any CPU.Build.0 = Debug|Any CPU
		{FDEFB39E-8709-4958-AE8B-9CFDE9B80FB7}.Release|Any CPU.ActiveCfg = Release|Any CPU
		{FDEFB39E-8709-4958-AE8B-9CFDE9B80FB7}.Release|Any CPU.Build.0 = Release|Any CPU
		{B510C25A-E061-40B0-9AE9-4EBE4C7EBC79}.Debug|Any CPU.ActiveCfg = Debug|Any CPU
		{B510C25A-E061-40B0-9AE9-4EBE4C7EBC79}.Debug|Any CPU.Build.0 = Debug|Any CPU
		{B510C25A-E061-40B0-9AE9-4EBE4C7EBC79}.Release|Any CPU.ActiveCfg = Release|Any CPU
		{B510C25A-E061-40B0-9AE9-4EBE4C7EBC79}.Release|Any CPU.Build.0 = Release|Any CPU
		{C7186BCD-996E-4C3D-9792-E6B734EF9F06}.Debug|Any CPU.ActiveCfg = Debug|Any CPU
		{C7186BCD-996E-4C3D-9792-E6B734EF9F06}.Debug|Any CPU.Build.0 = Debug|Any CPU
		{C7186BCD-996E-4C3D-9792-E6B734EF9F06}.Release|Any CPU.ActiveCfg = Release|Any CPU
		{C7186BCD-996E-4C3D-9792-E6B734EF9F06}.Release|Any CPU.Build.0 = Release|Any CPU
		{726A5E72-C64C-4DB3-A125-4A7EC62F2DB3}.Debug|Any CPU.ActiveCfg = Debug|Any CPU
		{726A5E72-C64C-4DB3-A125-4A7EC62F2DB3}.Debug|Any CPU.Build.0 = Debug|Any CPU
		{726A5E72-C64C-4DB3-A125-4A7EC62F2DB3}.Release|Any CPU.ActiveCfg = Release|Any CPU
		{726A5E72-C64C-4DB3-A125-4A7EC62F2DB3}.Release|Any CPU.Build.0 = Release|Any CPU
		{677F6A43-FC1D-42C3-A214-FA33A6204EEA}.Debug|Any CPU.ActiveCfg = Debug|Any CPU
		{677F6A43-FC1D-42C3-A214-FA33A6204EEA}.Debug|Any CPU.Build.0 = Debug|Any CPU
		{677F6A43-FC1D-42C3-A214-FA33A6204EEA}.Release|Any CPU.ActiveCfg = Release|Any CPU
		{677F6A43-FC1D-42C3-A214-FA33A6204EEA}.Release|Any CPU.Build.0 = Release|Any CPU
		{06F69583-70DE-410F-8AD2-99ED0A98750F}.Debug|Any CPU.ActiveCfg = Debug|Any CPU
		{06F69583-70DE-410F-8AD2-99ED0A98750F}.Debug|Any CPU.Build.0 = Debug|Any CPU
		{06F69583-70DE-410F-8AD2-99ED0A98750F}.Release|Any CPU.ActiveCfg = Release|Any CPU
		{06F69583-70DE-410F-8AD2-99ED0A98750F}.Release|Any CPU.Build.0 = Release|Any CPU
		{35E179DE-1CA6-40D3-B17F-AD86C44F1E54}.Debug|Any CPU.ActiveCfg = Debug|Any CPU
		{35E179DE-1CA6-40D3-B17F-AD86C44F1E54}.Debug|Any CPU.Build.0 = Debug|Any CPU
		{35E179DE-1CA6-40D3-B17F-AD86C44F1E54}.Release|Any CPU.ActiveCfg = Release|Any CPU
		{35E179DE-1CA6-40D3-B17F-AD86C44F1E54}.Release|Any CPU.Build.0 = Release|Any CPU
		{3234C462-A3F2-4810-858F-8E7A7CE02070}.Debug|Any CPU.ActiveCfg = Debug|Any CPU
		{3234C462-A3F2-4810-858F-8E7A7CE02070}.Debug|Any CPU.Build.0 = Debug|Any CPU
		{3234C462-A3F2-4810-858F-8E7A7CE02070}.Release|Any CPU.ActiveCfg = Release|Any CPU
		{3234C462-A3F2-4810-858F-8E7A7CE02070}.Release|Any CPU.Build.0 = Release|Any CPU
		{CEE28028-BC3E-4302-8A05-4562A3E20719}.Debug|Any CPU.ActiveCfg = Debug|Any CPU
		{CEE28028-BC3E-4302-8A05-4562A3E20719}.Debug|Any CPU.Build.0 = Debug|Any CPU
		{CEE28028-BC3E-4302-8A05-4562A3E20719}.Release|Any CPU.ActiveCfg = Release|Any CPU
		{CEE28028-BC3E-4302-8A05-4562A3E20719}.Release|Any CPU.Build.0 = Release|Any CPU
		{C4A2B171-87D2-40CE-8176-A30E2B7FA054}.Debug|Any CPU.ActiveCfg = Debug|Any CPU
		{C4A2B171-87D2-40CE-8176-A30E2B7FA054}.Debug|Any CPU.Build.0 = Debug|Any CPU
		{C4A2B171-87D2-40CE-8176-A30E2B7FA054}.Release|Any CPU.ActiveCfg = Release|Any CPU
		{C4A2B171-87D2-40CE-8176-A30E2B7FA054}.Release|Any CPU.Build.0 = Release|Any CPU
		{10A10F73-76A6-4078-AB2A-08ADF40CF037}.Debug|Any CPU.ActiveCfg = Debug|Any CPU
		{10A10F73-76A6-4078-AB2A-08ADF40CF037}.Debug|Any CPU.Build.0 = Debug|Any CPU
		{10A10F73-76A6-4078-AB2A-08ADF40CF037}.Release|Any CPU.ActiveCfg = Release|Any CPU
		{10A10F73-76A6-4078-AB2A-08ADF40CF037}.Release|Any CPU.Build.0 = Release|Any CPU
		{5C254187-EB71-4D20-ACAA-0A3225831D9B}.Debug|Any CPU.ActiveCfg = Debug|Any CPU
		{5C254187-EB71-4D20-ACAA-0A3225831D9B}.Debug|Any CPU.Build.0 = Debug|Any CPU
		{5C254187-EB71-4D20-ACAA-0A3225831D9B}.Release|Any CPU.ActiveCfg = Release|Any CPU
		{5C254187-EB71-4D20-ACAA-0A3225831D9B}.Release|Any CPU.Build.0 = Release|Any CPU
	EndGlobalSection
	GlobalSection(SolutionProperties) = preSolution
		HideSolutionNode = FALSE
	EndGlobalSection
	GlobalSection(NestedProjects) = preSolution
		{9C93F387-A7A4-4304-8AD6-753A66C430AF} = {89D32870-606B-441A-889F-10C7524C4C03}
		{04C90D7C-A4CD-4CCC-84AA-32B66DD591FF} = {89D32870-606B-441A-889F-10C7524C4C03}
		{FDEFB39E-8709-4958-AE8B-9CFDE9B80FB7} = {B2D4BE20-9EFB-436F-ADE7-D8E77680794E}
		{B510C25A-E061-40B0-9AE9-4EBE4C7EBC79} = {7DE86E7D-6D95-47B0-A181-AC157927C0BE}
		{C7186BCD-996E-4C3D-9792-E6B734EF9F06} = {C4EA2D36-BCB3-4989-AA69-37274E5819FD}
		{726A5E72-C64C-4DB3-A125-4A7EC62F2DB3} = {C4EA2D36-BCB3-4989-AA69-37274E5819FD}
		{677F6A43-FC1D-42C3-A214-FA33A6204EEA} = {3EA38DA6-BD58-4E03-81B3-4CC86F777483}
		{06F69583-70DE-410F-8AD2-99ED0A98750F} = {570E4830-177A-4BC9-926D-60D00C4F01B6}
		{35E179DE-1CA6-40D3-B17F-AD86C44F1E54} = {570E4830-177A-4BC9-926D-60D00C4F01B6}
		{6A25CE34-45A9-4FF1-BF0A-EF5DC70560C9} = {570E4830-177A-4BC9-926D-60D00C4F01B6}
		{3234C462-A3F2-4810-858F-8E7A7CE02070} = {6A25CE34-45A9-4FF1-BF0A-EF5DC70560C9}
		{CEE28028-BC3E-4302-8A05-4562A3E20719} = {6A25CE34-45A9-4FF1-BF0A-EF5DC70560C9}
		{C4A2B171-87D2-40CE-8176-A30E2B7FA054} = {6A25CE34-45A9-4FF1-BF0A-EF5DC70560C9}
		{10A10F73-76A6-4078-AB2A-08ADF40CF037} = {5190073E-68CF-4A25-97AA-254740F7303D}
		{5C254187-EB71-4D20-ACAA-0A3225831D9B} = {5190073E-68CF-4A25-97AA-254740F7303D}
	EndGlobalSection
	GlobalSection(ExtensibilityGlobals) = postSolution
		SolutionGuid = {C96BABDD-03E4-470C-B921-A07F2D5E7125}
	EndGlobalSection
EndGlobal
